
Microsoft Visual Studio Solution File, Format Version 12.00
# Visual Studio Version 17
VisualStudioVersion = 17.6.33815.320
MinimumVisualStudioVersion = 10.0.40219.1
Project("{FAE04EC0-301F-11D3-BF4B-00C04F79EFBC}") = "API_Docker_Test1", "API_Docker_Test1.csproj", "{0C5467AD-9AE5-4E98-9707-6A649EA26ACF}"
EndProject
Global
	GlobalSection(SolutionConfigurationPlatforms) = preSolution
		Debug|Any CPU = Debug|Any CPU
		Release|Any CPU = Release|Any CPU
	EndGlobalSection
	GlobalSection(ProjectConfigurationPlatforms) = postSolution
		{0C5467AD-9AE5-4E98-9707-6A649EA26ACF}.Debug|Any CPU.ActiveCfg = Debug|Any CPU
		{0C5467AD-9AE5-4E98-9707-6A649EA26ACF}.Debug|Any CPU.Build.0 = Debug|Any CPU
		{0C5467AD-9AE5-4E98-9707-6A649EA26ACF}.Release|Any CPU.ActiveCfg = Release|Any CPU
		{0C5467AD-9AE5-4E98-9707-6A649EA26ACF}.Release|Any CPU.Build.0 = Release|Any CPU
	EndGlobalSection
	GlobalSection(SolutionProperties) = preSolution
		HideSolutionNode = FALSE
	EndGlobalSection
	GlobalSection(ExtensibilityGlobals) = postSolution
		SolutionGuid = {013998C9-39D7-4CAB-9040-72D929778A45}
	EndGlobalSection
EndGlobal
